
Microsoft Visual Studio Solution File, Format Version 12.00
# Visual Studio Version 17
VisualStudioVersion = 17.0.31903.59
MinimumVisualStudioVersion = 10.0.40219.1
Project("{FAE04EC0-301F-11D3-BF4B-00C04F79EFBC}") = "XeryonEtherCAT.Core", "XeryonEtherCAT.Core\XeryonEtherCAT.Core.csproj", "{CDC1D7E3-646B-4D1A-8E6C-FA514DD72B68}"
EndProject
Project("{FAE04EC0-301F-11D3-BF4B-00C04F79EFBC}") = "XeryonEtherCAT.App", "XeryonEtherCAT.App\XeryonEtherCAT.App.csproj", "{824A27EB-BED1-4962-AF93-05323104E3B0}"
EndProject
Project("{FAE04EC0-301F-11D3-BF4B-00C04F79EFBC}") = "XeryonEtherCAT.Core.Tests", "XeryonEtherCAT.Core.Tests\XeryonEtherCAT.Core.Tests.csproj", "{B867D01A-E4F0-4A0A-BD74-B8F9CBE98388}"
EndProject
Project("{FAE04EC0-301F-11D3-BF4B-00C04F79EFBC}") = "XeryonEtherCAT.ConsoleHarness", "XeryonEtherCAT.ConsoleHarness\XeryonEtherCAT.ConsoleHarness.csproj", "{830A58D9-B206-4E91-99B4-EFBBE3740C79}"
EndProject
Global
	GlobalSection(SolutionConfigurationPlatforms) = preSolution
		Debug|Any CPU = Debug|Any CPU
		Release|Any CPU = Release|Any CPU
	EndGlobalSection
	GlobalSection(SolutionProperties) = preSolution
		HideSolutionNode = FALSE
	EndGlobalSection
	GlobalSection(ProjectConfigurationPlatforms) = postSolution
		{CDC1D7E3-646B-4D1A-8E6C-FA514DD72B68}.Debug|Any CPU.ActiveCfg = Debug|Any CPU
		{CDC1D7E3-646B-4D1A-8E6C-FA514DD72B68}.Debug|Any CPU.Build.0 = Debug|Any CPU
		{CDC1D7E3-646B-4D1A-8E6C-FA514DD72B68}.Release|Any CPU.ActiveCfg = Release|Any CPU
		{CDC1D7E3-646B-4D1A-8E6C-FA514DD72B68}.Release|Any CPU.Build.0 = Release|Any CPU
		{824A27EB-BED1-4962-AF93-05323104E3B0}.Debug|Any CPU.ActiveCfg = Debug|Any CPU
		{824A27EB-BED1-4962-AF93-05323104E3B0}.Debug|Any CPU.Build.0 = Debug|Any CPU
		{824A27EB-BED1-4962-AF93-05323104E3B0}.Release|Any CPU.ActiveCfg = Release|Any CPU
		{824A27EB-BED1-4962-AF93-05323104E3B0}.Release|Any CPU.Build.0 = Release|Any CPU
		{B867D01A-E4F0-4A0A-BD74-B8F9CBE98388}.Debug|Any CPU.ActiveCfg = Debug|Any CPU
		{B867D01A-E4F0-4A0A-BD74-B8F9CBE98388}.Debug|Any CPU.Build.0 = Debug|Any CPU
		{B867D01A-E4F0-4A0A-BD74-B8F9CBE98388}.Release|Any CPU.ActiveCfg = Release|Any CPU
		{B867D01A-E4F0-4A0A-BD74-B8F9CBE98388}.Release|Any CPU.Build.0 = Release|Any CPU
		{830A58D9-B206-4E91-99B4-EFBBE3740C79}.Debug|Any CPU.ActiveCfg = Debug|Any CPU
		{830A58D9-B206-4E91-99B4-EFBBE3740C79}.Debug|Any CPU.Build.0 = Debug|Any CPU
		{830A58D9-B206-4E91-99B4-EFBBE3740C79}.Release|Any CPU.ActiveCfg = Release|Any CPU
		{830A58D9-B206-4E91-99B4-EFBBE3740C79}.Release|Any CPU.Build.0 = Release|Any CPU
	EndGlobalSection
EndGlobal
